# DO NOT EDIT MANUALLY - Managed by Fern Replay
version: "1.0"
generations:
  - commit_sha: 8d50d808f0f675a1240b727901c605ad2983de2a
    tree_hash: 2546b66783ccde0a5ebb1740cd1f68fcdf0ad595
    timestamp: 2026-05-20T09:14:06.696Z
    cli_version: unknown
    generator_versions: {}
current_generation: 8d50d808f0f675a1240b727901c605ad2983de2a
patches: []
